{
  "name": "servidor",
  "version": "1.0.0",
  "lockfileVersion": 2,
  "requires": true,
  "packages": {
    "": {
      "version": "1.0.0",
      "license": "ISC",
      "dependencies": {
        "node-sql-2": "^0.80.1"
      }
    },
    "node_modules/lodash": {
      "version": "4.17.21",
      "resolved": "https://registry.npmjs.org/lodash/-/lodash-4.17.21.tgz",
      "integrity": "sha512-v2kDEe57lecTulaDIuNTPy3Ry4gLGJ6Z1O3vE1krgXZNrsQ+LFTGHVxVjcXPs17LhbZVGedAJv8XZ1tvj5FvSg=="
    },
    "node_modules/node-sql-2": {
      "version": "0.80.1",
      "resolved": "https://registry.npmjs.org/node-sql-2/-/node-sql-2-0.80.1.tgz",
      "integrity": "sha512-eSm1H9l72mWbuafo0DUDyaipn/vkty0VUcbous0bVjUw2n7kgJCbl33Gxxe/M1bASN9iUUxP+BvvEINITQYi5Q==",
      "dependencies": {
        "lodash": "^4.17.5",
        "sliced": "0.0.x"
      },
      "engines": {
        "node": "*"
      }
    },
    "node_modules/sliced": {
      "version": "0.0.5",
      "resolved": "https://registry.npmjs.org/sliced/-/sliced-0.0.5.tgz",
      "integrity": "sha1-XtwETKTrb3gW1Qui/GPiXY/kcH8="
    }
  },
  "dependencies": {
    "lodash": {
      "version": "4.17.21",
      "resolved": "https://registry.npmjs.org/lodash/-/lodash-4.17.21.tgz",
      "integrity": "sha512-v2kDEe57lecTulaDIuNTPy3Ry4gLGJ6Z1O3vE1krgXZNrsQ+LFTGHVxVjcXPs17LhbZVGedAJv8XZ1tvj5FvSg=="
    },
    "node-sql-2": {
      "version": "0.80.1",
      "resolved": "https://registry.npmjs.org/node-sql-2/-/node-sql-2-0.80.1.tgz",
      "integrity": "sha512-eSm1H9l72mWbuafo0DUDyaipn/vkty0VUcbous0bVjUw2n7kgJCbl33Gxxe/M1bASN9iUUxP+BvvEINITQYi5Q==",
      "requires": {
        "lodash": "^4.17.5",
        "sliced": "0.0.x"
      }
    },
    "sliced": {
      "version": "0.0.5",
      "resolved": "https://registry.npmjs.org/sliced/-/sliced-0.0.5.tgz",
      "integrity": "sha1-XtwETKTrb3gW1Qui/GPiXY/kcH8="
    }
  }
}
